
Microsoft Visual Studio Solution File, Format Version 12.00
# Visual Studio 15
VisualStudioVersion = 15.0.28307.421
MinimumVisualStudioVersion = 10.0.40219.1
Project("{FAE04EC0-301F-11D3-BF4B-00C04F79EFBC}") = "MusicStoreNick", "MusicStoreNick.csproj", "{F7714358-950E-4AAA-969D-3B229C09ABEE}"
EndProject
Project("{FAE04EC0-301F-11D3-BF4B-00C04F79EFBC}") = "MusicStoreDataNick", "..\MusicStoreDataNick\MusicStoreDataNick.csproj", "{0F7F250E-36E1-47FA-8383-89287BA241E1}"
EndProject
Global
	GlobalSection(SolutionConfigurationPlatforms) = preSolution
		Debug|Any CPU = Debug|Any CPU
		Release|Any CPU = Release|Any CPU
	EndGlobalSection
	GlobalSection(ProjectConfigurationPlatforms) = postSolution
		{F7714358-950E-4AAA-969D-3B229C09ABEE}.Debug|Any CPU.ActiveCfg = Debug|Any CPU
		{F7714358-950E-4AAA-969D-3B229C09ABEE}.Debug|Any CPU.Build.0 = Debug|Any CPU
		{F7714358-950E-4AAA-969D-3B229C09ABEE}.Release|Any CPU.ActiveCfg = Release|Any CPU
		{F7714358-950E-4AAA-969D-3B229C09ABEE}.Release|Any CPU.Build.0 = Release|Any CPU
		{0F7F250E-36E1-47FA-8383-89287BA241E1}.Debug|Any CPU.ActiveCfg = Debug|Any CPU
		{0F7F250E-36E1-47FA-8383-89287BA241E1}.Debug|Any CPU.Build.0 = Debug|Any CPU
		{0F7F250E-36E1-47FA-8383-89287BA241E1}.Release|Any CPU.ActiveCfg = Release|Any CPU
		{0F7F250E-36E1-47FA-8383-89287BA241E1}.Release|Any CPU.Build.0 = Release|Any CPU
	EndGlobalSection
	GlobalSection(SolutionProperties) = preSolution
		HideSolutionNode = FALSE
	EndGlobalSection
	GlobalSection(ExtensibilityGlobals) = postSolution
		SolutionGuid = {C1E8E384-A07D-4D3F-B1B9-9F6D9E1FEDDC}
	EndGlobalSection
EndGlobal
